github.com/davecgh/go-spew v1.1.1 h1:vj9j/u1bqnvCEfJOwUhtlOARqs3+rkHYY13jYWTU97c=
github.com/davecgh/go-spew v1.1.1/go.mod h1:J7Y8YcW2NihsgmVo/mv3lAwl/skON4iLHjSsI+c5H38=
github.com/kurin/blazer v0.5.3 h1:SAgYv0TKU0kN/ETfO5ExjNAPyMt2FocO2s/UlCHfjAk=
github.com/kurin/blazer v0.5.3/go.mod h1:4FCXMUWo9DllR2Do4TtBd377ezyAJ51vB5uTBjt0pGU=
